
Microsoft Visual Studio Solution File, Format Version 12.00
# Visual Studio Version 17
VisualStudioVersion = 17.0.31912.275
MinimumVisualStudioVersion = 10.0.40219.1
Project("{9A19103F-16F7-4668-BE54-9A1E7A4F7556}") = "EFCoreWebAPI", "EFCoreWebAPI\EFCoreWebAPI.csproj", "{7C60FCC8-7AED-4561-A3E2-10B721D2A34E}"
EndProject
Global
	GlobalSection(SolutionConfigurationPlatforms) = preSolution
		Debug|Any CPU = Debug|Any CPU
		Release|Any CPU = Release|Any CPU
	EndGlobalSection
	GlobalSection(ProjectConfigurationPlatforms) = postSolution
		{7C60FCC8-7AED-4561-A3E2-10B721D2A34E}.Debug|Any CPU.ActiveCfg = Debug|Any CPU
		{7C60FCC8-7AED-4561-A3E2-10B721D2A34E}.Debug|Any CPU.Build.0 = Debug|Any CPU
		{7C60FCC8-7AED-4561-A3E2-10B721D2A34E}.Release|Any CPU.ActiveCfg = Release|Any CPU
		{7C60FCC8-7AED-4561-A3E2-10B721D2A34E}.Release|Any CPU.Build.0 = Release|Any CPU
	EndGlobalSection
	GlobalSection(SolutionProperties) = preSolution
		HideSolutionNode = FALSE
	EndGlobalSection
	GlobalSection(ExtensibilityGlobals) = postSolution
		SolutionGuid = {25A20F79-5B30-4A14-8346-DA1BD9A8C408}
	EndGlobalSection
EndGlobal
